Microsoft Visual Studio Solution File, Format Version 11.00
# Visual Studio 2010
Project("{8BC9CEB8-8B4A-11D0-8D11-00A0C91BC942}") = "cpp-managed-failures", "failures\cpp-managed-failures.vcxproj", "{7E5849C7-0469-4AD2-91B9-C87203934254}"
EndProject
Global
	GlobalSection(SolutionConfigurationPlatforms) = preSolution
		Debug|Win32 = Debug|Win32
		Release|Win32 = Release|Win32
	EndGlobalSection
	GlobalSection(ProjectConfigurationPlatforms) = postSolution
		{7E5849C7-0469-4AD2-91B9-C87203934254}.Debug|Win32.ActiveCfg = Debug|Win32
		{7E5849C7-0469-4AD2-91B9-C87203934254}.Debug|Win32.Build.0 = Debug|Win32
		{7E5849C7-0469-4AD2-91B9-C87203934254}.Release|Win32.ActiveCfg = Release|Win32
		{7E5849C7-0469-4AD2-91B9-C87203934254}.Release|Win32.Build.0 = Release|Win32
	EndGlobalSection
	GlobalSection(SolutionProperties) = preSolution
		HideSolutionNode = FALSE
	EndGlobalSection
EndGlobal
