Microsoft Visual Studio Solution File, Format Version 9.00
# Visual Studio 2005
Project("{8BC9CEB8-8B4A-11D0-8D11-00A0C91BC942}") = "cpp-cli-failures", "failures\cpp-cli-failures.vcproj", "{A0987BCD-AFE6-40E4-95A8-ADA7ADB7E97D}"
EndProject
Global
	GlobalSection(SolutionConfigurationPlatforms) = preSolution
		Debug|Win32 = Debug|Win32
		Release|Win32 = Release|Win32
	EndGlobalSection
	GlobalSection(ProjectConfigurationPlatforms) = postSolution
		{A0987BCD-AFE6-40E4-95A8-ADA7ADB7E97D}.Debug|Win32.ActiveCfg = Debug|Win32
		{A0987BCD-AFE6-40E4-95A8-ADA7ADB7E97D}.Debug|Win32.Build.0 = Debug|Win32
		{A0987BCD-AFE6-40E4-95A8-ADA7ADB7E97D}.Release|Win32.ActiveCfg = Release|Win32
		{A0987BCD-AFE6-40E4-95A8-ADA7ADB7E97D}.Release|Win32.Build.0 = Release|Win32
	EndGlobalSection
	GlobalSection(SolutionProperties) = preSolution
		HideSolutionNode = FALSE
	EndGlobalSection
EndGlobal
