Microsoft Visual Studio Solution File, Format Version 7.00
Project("{FAE04EC0-301F-11D3-BF4B-00C04F79EFBC}") = "nunit.framework.dll", "framework\nunit.framework.dll.csproj", "{83DD7E12-A705-4DBA-9D71-09C8973D9382}"
EndProject
Project("{FAE04EC0-301F-11D3-BF4B-00C04F79EFBC}") = "nunit.extensions.dll", "extensions\nunit.extensions.dll.csproj", "{98B10E98-003C-45A0-9587-119142E39986}"
EndProject
Project("{FAE04EC0-301F-11D3-BF4B-00C04F79EFBC}") = "nunit.util.dll", "util\nunit.util.dll.csproj", "{61CE9CE5-943E-44D4-A381-814DC1406767}"
EndProject
Project("{FAE04EC0-301F-11D3-BF4B-00C04F79EFBC}") = "nunit-gui", "nunit-gui\nunit-gui.csproj", "{3FF340D5-D3B4-4DF0-BAF1-98B3C00B6148}"
EndProject
Project("{FAE04EC0-301F-11D3-BF4B-00C04F79EFBC}") = "nunit-console", "nunit-console\nunit-console.csproj", "{9367EC89-6A38-42BA-9607-0DC288E4BC3A}"
EndProject
Project("{FAE04EC0-301F-11D3-BF4B-00C04F79EFBC}") = "nunit.tests.dll", "tests\nunit.tests.dll.csproj", "{3E63AD0F-24D4-46BE-BEE4-5A3299847D86}"
EndProject
Project("{FAE04EC0-301F-11D3-BF4B-00C04F79EFBC}") = "mock-assembly", "tests\mock-assembly\mock-assembly.csproj", "{2E368281-3BA8-4050-B05E-0E0E43F8F446}"
EndProject
Project("{FAE04EC0-301F-11D3-BF4B-00C04F79EFBC}") = "money", "samples\money\money.csproj", "{11EDF872-A04D-4F75-A1BF-71168DC86AF3}"
EndProject
Project("{FAE04EC0-301F-11D3-BF4B-00C04F79EFBC}") = "money-port", "samples\money-port\money-port.csproj", "{A257E931-6755-4655-A474-7CAB1B3775D2}"
EndProject
Project("{E6FDF86B-F3D1-11D4-8576-0002A516ECE8}") = "jsharp", "samples\jsharp\jsharp.vjsproj", "{B55A6E53-57A9-4205-B396-C9983B3AF46A}"
EndProject
Project("{FAE04EC0-301F-11D3-BF4B-00C04F79EFBC}") = "csharp-sample", "samples\csharp\csharp-sample.csproj", "{15D66EEE-A852-4A52-89C2-83E74ECF3770}"
EndProject
Project("{F184B08F-C81C-45F6-A57F-5ABD9991F28F}") = "vb-sample", "samples\vb\vb-sample.vbproj", "{F199991B-6C8E-4AB0-9AAA-703CD4897700}"
EndProject
Project("{8BC9CEB8-8B4A-11D0-8D11-00A0C91BC942}") = "cpp-sample", "samples\cpp-sample\cpp-sample.vcproj", "{7E5849C7-0469-4AD2-91B9-C87203934254}"
EndProject
Project("{54435603-DBB4-11D2-8724-00A0C9A8B90C}") = "install", "install\install.vdproj", "{CAA6C96A-E7FB-4EEA-9376-44D6CB3F85DD}"
EndProject
Project("{FAE04EC0-301F-11D3-BF4B-00C04F79EFBC}") = "nonamespace-assembly", "tests\nonamespace-assembly\nonamespace-assembly.csproj", "{5110F0D2-8E50-46F8-9E17-7C8EBFECCA9D}"
EndProject
Project("{FAE04EC0-301F-11D3-BF4B-00C04F79EFBC}") = "timing-tests", "tests\timing-tests\timing-tests.csproj", "{F16DED73-A2AD-4711-BC1B-5DDFC2BF8667}"
EndProject
Project("{FAE04EC0-301F-11D3-BF4B-00C04F79EFBC}") = "nunit.uikit.dll", "UiKit\nunit.uikit.dll.csproj", "{27531BBF-183D-4C3A-935B-D840B9F1A3A4}"
EndProject
Global
	GlobalSection(SolutionConfiguration) = preSolution
		ConfigName.0 = Debug
		ConfigName.1 = Release
	EndGlobalSection
	GlobalSection(ProjectDependencies) = postSolution
		{98B10E98-003C-45A0-9587-119142E39986}.0 = {83DD7E12-A705-4DBA-9D71-09C8973D9382}
		{61CE9CE5-943E-44D4-A381-814DC1406767}.0 = {83DD7E12-A705-4DBA-9D71-09C8973D9382}
		{3FF340D5-D3B4-4DF0-BAF1-98B3C00B6148}.0 = {83DD7E12-A705-4DBA-9D71-09C8973D9382}
		{3FF340D5-D3B4-4DF0-BAF1-98B3C00B6148}.1 = {61CE9CE5-943E-44D4-A381-814DC1406767}
		{9367EC89-6A38-42BA-9607-0DC288E4BC3A}.0 = {83DD7E12-A705-4DBA-9D71-09C8973D9382}
		{9367EC89-6A38-42BA-9607-0DC288E4BC3A}.1 = {61CE9CE5-943E-44D4-A381-814DC1406767}
		{3E63AD0F-24D4-46BE-BEE4-5A3299847D86}.0 = {98B10E98-003C-45A0-9587-119142E39986}
		{3E63AD0F-24D4-46BE-BEE4-5A3299847D86}.1 = {83DD7E12-A705-4DBA-9D71-09C8973D9382}
		{3E63AD0F-24D4-46BE-BEE4-5A3299847D86}.2 = {61CE9CE5-943E-44D4-A381-814DC1406767}
		{3E63AD0F-24D4-46BE-BEE4-5A3299847D86}.3 = {2E368281-3BA8-4050-B05E-0E0E43F8F446}
		{3E63AD0F-24D4-46BE-BEE4-5A3299847D86}.4 = {5110F0D2-8E50-46F8-9E17-7C8EBFECCA9D}
		{2E368281-3BA8-4050-B05E-0E0E43F8F446}.0 = {83DD7E12-A705-4DBA-9D71-09C8973D9382}
		{11EDF872-A04D-4F75-A1BF-71168DC86AF3}.0 = {83DD7E12-A705-4DBA-9D71-09C8973D9382}
		{A257E931-6755-4655-A474-7CAB1B3775D2}.0 = {83DD7E12-A705-4DBA-9D71-09C8973D9382}
		{15D66EEE-A852-4A52-89C2-83E74ECF3770}.0 = {83DD7E12-A705-4DBA-9D71-09C8973D9382}
		{F199991B-6C8E-4AB0-9AAA-703CD4897700}.0 = {83DD7E12-A705-4DBA-9D71-09C8973D9382}
		{CAA6C96A-E7FB-4EEA-9376-44D6CB3F85DD}.0 = {3E63AD0F-24D4-46BE-BEE4-5A3299847D86}
		{CAA6C96A-E7FB-4EEA-9376-44D6CB3F85DD}.1 = {2E368281-3BA8-4050-B05E-0E0E43F8F446}
		{CAA6C96A-E7FB-4EEA-9376-44D6CB3F85DD}.2 = {2E368281-3BA8-4050-B05E-0E0E43F8F446}
		{CAA6C96A-E7FB-4EEA-9376-44D6CB3F85DD}.3 = {F199991B-6C8E-4AB0-9AAA-703CD4897700}
		{CAA6C96A-E7FB-4EEA-9376-44D6CB3F85DD}.4 = {61CE9CE5-943E-44D4-A381-814DC1406767}
		{CAA6C96A-E7FB-4EEA-9376-44D6CB3F85DD}.5 = {3FF340D5-D3B4-4DF0-BAF1-98B3C00B6148}
		{CAA6C96A-E7FB-4EEA-9376-44D6CB3F85DD}.6 = {A257E931-6755-4655-A474-7CAB1B3775D2}
		{CAA6C96A-E7FB-4EEA-9376-44D6CB3F85DD}.7 = {B55A6E53-57A9-4205-B396-C9983B3AF46A}
		{CAA6C96A-E7FB-4EEA-9376-44D6CB3F85DD}.8 = {83DD7E12-A705-4DBA-9D71-09C8973D9382}
		{CAA6C96A-E7FB-4EEA-9376-44D6CB3F85DD}.9 = {98B10E98-003C-45A0-9587-119142E39986}
		{CAA6C96A-E7FB-4EEA-9376-44D6CB3F85DD}.10 = {9367EC89-6A38-42BA-9607-0DC288E4BC3A}
		{CAA6C96A-E7FB-4EEA-9376-44D6CB3F85DD}.11 = {5110F0D2-8E50-46F8-9E17-7C8EBFECCA9D}
		{CAA6C96A-E7FB-4EEA-9376-44D6CB3F85DD}.12 = {98B10E98-003C-45A0-9587-119142E39986}
		{CAA6C96A-E7FB-4EEA-9376-44D6CB3F85DD}.13 = {3FF340D5-D3B4-4DF0-BAF1-98B3C00B6148}
		{CAA6C96A-E7FB-4EEA-9376-44D6CB3F85DD}.14 = {9367EC89-6A38-42BA-9607-0DC288E4BC3A}
		{CAA6C96A-E7FB-4EEA-9376-44D6CB3F85DD}.15 = {11EDF872-A04D-4F75-A1BF-71168DC86AF3}
		{CAA6C96A-E7FB-4EEA-9376-44D6CB3F85DD}.16 = {61CE9CE5-943E-44D4-A381-814DC1406767}
		{CAA6C96A-E7FB-4EEA-9376-44D6CB3F85DD}.17 = {3FF340D5-D3B4-4DF0-BAF1-98B3C00B6148}
		{CAA6C96A-E7FB-4EEA-9376-44D6CB3F85DD}.18 = {83DD7E12-A705-4DBA-9D71-09C8973D9382}
		{CAA6C96A-E7FB-4EEA-9376-44D6CB3F85DD}.19 = {7E5849C7-0469-4AD2-91B9-C87203934254}
		{CAA6C96A-E7FB-4EEA-9376-44D6CB3F85DD}.20 = {9367EC89-6A38-42BA-9607-0DC288E4BC3A}
		{CAA6C96A-E7FB-4EEA-9376-44D6CB3F85DD}.21 = {83DD7E12-A705-4DBA-9D71-09C8973D9382}
		{CAA6C96A-E7FB-4EEA-9376-44D6CB3F85DD}.22 = {3E63AD0F-24D4-46BE-BEE4-5A3299847D86}
		{CAA6C96A-E7FB-4EEA-9376-44D6CB3F85DD}.23 = {15D66EEE-A852-4A52-89C2-83E74ECF3770}
		{5110F0D2-8E50-46F8-9E17-7C8EBFECCA9D}.0 = {83DD7E12-A705-4DBA-9D71-09C8973D9382}
		{F16DED73-A2AD-4711-BC1B-5DDFC2BF8667}.0 = {83DD7E12-A705-4DBA-9D71-09C8973D9382}
		{F16DED73-A2AD-4711-BC1B-5DDFC2BF8667}.1 = {61CE9CE5-943E-44D4-A381-814DC1406767}
		{F16DED73-A2AD-4711-BC1B-5DDFC2BF8667}.2 = {2E368281-3BA8-4050-B05E-0E0E43F8F446}
		{27531BBF-183D-4C3A-935B-D840B9F1A3A4}.0 = {83DD7E12-A705-4DBA-9D71-09C8973D9382}
		{27531BBF-183D-4C3A-935B-D840B9F1A3A4}.1 = {61CE9CE5-943E-44D4-A381-814DC1406767}
	EndGlobalSection
	GlobalSection(ProjectConfiguration) = postSolution
		{83DD7E12-A705-4DBA-9D71-09C8973D9382}.Debug.ActiveCfg = Debug|.NET
		{83DD7E12-A705-4DBA-9D71-09C8973D9382}.Debug.Build.0 = Debug|.NET
		{83DD7E12-A705-4DBA-9D71-09C8973D9382}.Release.ActiveCfg = Release|.NET
		{83DD7E12-A705-4DBA-9D71-09C8973D9382}.Release.Build.0 = Release|.NET
		{98B10E98-003C-45A0-9587-119142E39986}.Debug.ActiveCfg = Debug|.NET
		{98B10E98-003C-45A0-9587-119142E39986}.Debug.Build.0 = Debug|.NET
		{98B10E98-003C-45A0-9587-119142E39986}.Release.ActiveCfg = Release|.NET
		{98B10E98-003C-45A0-9587-119142E39986}.Release.Build.0 = Release|.NET
		{61CE9CE5-943E-44D4-A381-814DC1406767}.Debug.ActiveCfg = Debug|.NET
		{61CE9CE5-943E-44D4-A381-814DC1406767}.Debug.Build.0 = Debug|.NET
		{61CE9CE5-943E-44D4-A381-814DC1406767}.Release.ActiveCfg = Release|.NET
		{61CE9CE5-943E-44D4-A381-814DC1406767}.Release.Build.0 = Release|.NET
		{3FF340D5-D3B4-4DF0-BAF1-98B3C00B6148}.Debug.ActiveCfg = Debug|.NET
		{3FF340D5-D3B4-4DF0-BAF1-98B3C00B6148}.Debug.Build.0 = Debug|.NET
		{3FF340D5-D3B4-4DF0-BAF1-98B3C00B6148}.Release.ActiveCfg = Release|.NET
		{3FF340D5-D3B4-4DF0-BAF1-98B3C00B6148}.Release.Build.0 = Release|.NET
		{9367EC89-6A38-42BA-9607-0DC288E4BC3A}.Debug.ActiveCfg = Debug|.NET
		{9367EC89-6A38-42BA-9607-0DC288E4BC3A}.Debug.Build.0 = Debug|.NET
		{9367EC89-6A38-42BA-9607-0DC288E4BC3A}.Release.ActiveCfg = Release|.NET
		{9367EC89-6A38-42BA-9607-0DC288E4BC3A}.Release.Build.0 = Release|.NET
		{3E63AD0F-24D4-46BE-BEE4-5A3299847D86}.Debug.ActiveCfg = Debug|.NET
		{3E63AD0F-24D4-46BE-BEE4-5A3299847D86}.Debug.Build.0 = Debug|.NET
		{3E63AD0F-24D4-46BE-BEE4-5A3299847D86}.Release.ActiveCfg = Release|.NET
		{3E63AD0F-24D4-46BE-BEE4-5A3299847D86}.Release.Build.0 = Release|.NET
		{2E368281-3BA8-4050-B05E-0E0E43F8F446}.Debug.ActiveCfg = Debug|.NET
		{2E368281-3BA8-4050-B05E-0E0E43F8F446}.Debug.Build.0 = Debug|.NET
		{2E368281-3BA8-4050-B05E-0E0E43F8F446}.Release.ActiveCfg = Release|.NET
		{2E368281-3BA8-4050-B05E-0E0E43F8F446}.Release.Build.0 = Release|.NET
		{11EDF872-A04D-4F75-A1BF-71168DC86AF3}.Debug.ActiveCfg = Debug|.NET
		{11EDF872-A04D-4F75-A1BF-71168DC86AF3}.Debug.Build.0 = Debug|.NET
		{11EDF872-A04D-4F75-A1BF-71168DC86AF3}.Release.ActiveCfg = Release|.NET
		{11EDF872-A04D-4F75-A1BF-71168DC86AF3}.Release.Build.0 = Release|.NET
		{A257E931-6755-4655-A474-7CAB1B3775D2}.Debug.ActiveCfg = Debug|.NET
		{A257E931-6755-4655-A474-7CAB1B3775D2}.Debug.Build.0 = Debug|.NET
		{A257E931-6755-4655-A474-7CAB1B3775D2}.Release.ActiveCfg = Release|.NET
		{A257E931-6755-4655-A474-7CAB1B3775D2}.Release.Build.0 = Release|.NET
		{B55A6E53-57A9-4205-B396-C9983B3AF46A}.Debug.ActiveCfg = Debug|.NET
		{B55A6E53-57A9-4205-B396-C9983B3AF46A}.Debug.Build.0 = Debug|.NET
		{B55A6E53-57A9-4205-B396-C9983B3AF46A}.Release.ActiveCfg = Release|.NET
		{B55A6E53-57A9-4205-B396-C9983B3AF46A}.Release.Build.0 = Release|.NET
		{15D66EEE-A852-4A52-89C2-83E74ECF3770}.Debug.ActiveCfg = Debug|.NET
		{15D66EEE-A852-4A52-89C2-83E74ECF3770}.Debug.Build.0 = Debug|.NET
		{15D66EEE-A852-4A52-89C2-83E74ECF3770}.Release.ActiveCfg = Release|.NET
		{15D66EEE-A852-4A52-89C2-83E74ECF3770}.Release.Build.0 = Release|.NET
		{F199991B-6C8E-4AB0-9AAA-703CD4897700}.Debug.ActiveCfg = Debug|.NET
		{F199991B-6C8E-4AB0-9AAA-703CD4897700}.Debug.Build.0 = Debug|.NET
		{F199991B-6C8E-4AB0-9AAA-703CD4897700}.Release.ActiveCfg = Release|.NET
		{F199991B-6C8E-4AB0-9AAA-703CD4897700}.Release.Build.0 = Release|.NET
		{7E5849C7-0469-4AD2-91B9-C87203934254}.Debug.ActiveCfg = Debug|Win32
		{7E5849C7-0469-4AD2-91B9-C87203934254}.Debug.Build.0 = Debug|Win32
		{7E5849C7-0469-4AD2-91B9-C87203934254}.Release.ActiveCfg = Release|Win32
		{7E5849C7-0469-4AD2-91B9-C87203934254}.Release.Build.0 = Release|Win32
		{CAA6C96A-E7FB-4EEA-9376-44D6CB3F85DD}.Debug.ActiveCfg = Debug
		{CAA6C96A-E7FB-4EEA-9376-44D6CB3F85DD}.Release.ActiveCfg = Release
		{5110F0D2-8E50-46F8-9E17-7C8EBFECCA9D}.Debug.ActiveCfg = Debug|.NET
		{5110F0D2-8E50-46F8-9E17-7C8EBFECCA9D}.Debug.Build.0 = Debug|.NET
		{5110F0D2-8E50-46F8-9E17-7C8EBFECCA9D}.Release.ActiveCfg = Release|.NET
		{5110F0D2-8E50-46F8-9E17-7C8EBFECCA9D}.Release.Build.0 = Release|.NET
		{F16DED73-A2AD-4711-BC1B-5DDFC2BF8667}.Debug.ActiveCfg = Debug|.NET
		{F16DED73-A2AD-4711-BC1B-5DDFC2BF8667}.Debug.Build.0 = Debug|.NET
		{F16DED73-A2AD-4711-BC1B-5DDFC2BF8667}.Release.ActiveCfg = Release|.NET
		{F16DED73-A2AD-4711-BC1B-5DDFC2BF8667}.Release.Build.0 = Release|.NET
		{27531BBF-183D-4C3A-935B-D840B9F1A3A4}.Debug.ActiveCfg = Debug|.NET
		{27531BBF-183D-4C3A-935B-D840B9F1A3A4}.Debug.Build.0 = Debug|.NET
		{27531BBF-183D-4C3A-935B-D840B9F1A3A4}.Release.ActiveCfg = Release|.NET
		{27531BBF-183D-4C3A-935B-D840B9F1A3A4}.Release.Build.0 = Release|.NET
	EndGlobalSection
	GlobalSection(ExtensibilityGlobals) = postSolution
	EndGlobalSection
	GlobalSection(ExtensibilityAddIns) = postSolution
	EndGlobalSection
EndGlobal
